github.com/ardanlabs/conf/v3 v3.8.0 h1:Mvv2wZJz8tIl705m5BU3ZRCP1V6TKY6qebA8i4sykrY=
github.com/ardanlabs/conf/v3 v3.8.0/go.mod h1:XlL9P0quWP4m1weOVFmlezabinbZLI05niDof/+Ochk=
github.com/go-json-experiment/json v0.0.0-20250517221953-25912455fbc8 h1:o8UqXPI6SVwQt04RGsqKp3qqmbOfTNMqDrWsc4O47kk=
github.com/go-json-experiment/json v0.0.0-20250517221953-25912455fbc8/go.mod h1:TiCD2a1pcmjd7YnhGH0f/zKNcCD06B029pHhzV23c2M=
github.com/google/go-cmp v0.3.1 h1:Xye71clBPdm5HgqGwUkwhbynsUJZhDbS20FvLhQ2izg=
github.com/google/go-cmp v0.3.1/go.mod h1:8QqcDgzrUqlUb/G2PQTWiueGozuR1884gddMywk6iLU=
gopkg.in/yaml.v3 v3.0.1 h1:fxVm/GzAzEWqLHuvctI91KS9hhNmmWOoWu0XTYJS7CA=
gopkg.in/yaml.v3 v3.0.1/go.mod h1:K4uyk7z7BCEPqu6E+C64Yfv1cQ7kz7rIZviUmN+EgEM=
